// !$*UTF8*$!
{
	archiveVersion = 1;
	classes = {
	};
	objectVersion = 48;
	objects = {

/* Begin PBXBuildFile section */
		02A843E8A0FA7F35984D965F /* Pods_DBPagingView.framework in Frameworks */ = {isa = PBXBuildFile; fileRef = 4CB46B67B19E2374A1457218 /* Pods_DBPagingView.framework */; };
		4C2ED01D1FAC57F9001B0080 /* AppDelegate.swift in Sources */ = {isa = PBXBuildFile; fileRef = 4C2ED01C1FAC57F9001B0080 /* AppDelegate.swift */; };
		4C2ED01F1FAC57F9001B0080 /* ViewController.swift in Sources */ = {isa = PBXBuildFile; fileRef = 4C2ED01E1FAC57F9001B0080 /* ViewController.swift */; };
		4C2ED0221FAC57F9001B0080 /* Main.storyboard in Resources */ = {isa = PBXBuildFile; fileRef = 4C2ED0201FAC57F9001B0080 /* Main.storyboard */; };
		4C2ED0241FAC57F9001B0080 /* Assets.xcassets in Resources */ = {isa = PBXBuildFile; fileRef = 4C2ED0231FAC57F9001B0080 /* Assets.xcassets */; };
		4C2ED0271FAC57F9001B0080 /* LaunchScreen.storyboard in Resources */ = {isa = PBXBuildFile; fileRef = 4C2ED0251FAC57F9001B0080 /* LaunchScreen.storyboard */; };
		4C2ED0321FAC57F9001B0080 /* DBPagingViewTests.swift in Sources */ = {isa = PBXBuildFile; fileRef = 4C2ED0311FAC57F9001B0080 /* DBPagingViewTests.swift */; };
		4C2ED03D1FAC57F9001B0080 /* DBPagingViewUITests.swift in Sources */ = {isa = PBXBuildFile; fileRef = 4C2ED03C1FAC57F9001B0080 /* DBPagingViewUITests.swift */; };
		4C2ED04E1FAC587F001B0080 /* DB_PageContentView.swift in Sources */ = {isa = PBXBuildFile; fileRef = 4C2ED04B1FAC587F001B0080 /* DB_PageContentView.swift */; };
		4C2ED04F1FAC587F001B0080 /* DB_ContentTableView.swift in Sources */ = {isa = PBXBuildFile; fileRef = 4C2ED04C1FAC587F001B0080 /* DB_ContentTableView.swift */; };
		4C2ED0501FAC587F001B0080 /* DB_SegmentView.swift in Sources */ = {isa = PBXBuildFile; fileRef = 4C2ED04D1FAC587F001B0080 /* DB_SegmentView.swift */; };
		4CC645181FBAC316000D4EDC /* DBPagingView.swift in Sources */ = {isa = PBXBuildFile; fileRef = 4CC645171FBAC316000D4EDC /* DBPagingView.swift */; };
		4CC6451A1FBACE23000D4EDC /* myViewController.swift in Sources */ = {isa = PBXBuildFile; fileRef = 4CC645191FBACE22000D4EDC /* myViewController.swift */; };
		4CC6451C1FBAD173000D4EDC /* ContentViewController.swift in Sources */ = {isa = PBXBuildFile; fileRef = 4CC6451B1FBAD173000D4EDC /* ContentViewController.swift */; };
		4CC6451E1FBAD22C000D4EDC /* ContentViewCell.swift in Sources */ = {isa = PBXBuildFile; fileRef = 4CC6451D1FBAD22C000D4EDC /* ContentViewCell.swift */; };
		4CDF4EA71FE563A80056DB89 /* CustomViewController.swift in Sources */ = {isa = PBXBuildFile; fileRef = 4CDF4EA61FE563A80056DB89 /* CustomViewController.swift */; };
/* End PBXBuildFile section */

/* Begin PBXContainerItemProxy section */
		4C2ED02E1FAC57F9001B0080 /* PBXContainerItemProxy */ = {
			isa = PBXContainerItemProxy;
			containerPortal = 4C2ED0111FAC57F9001B0080 /* Project object */;
			proxyType = 1;
			remoteGlobalIDString = 4C2ED0181FAC57F9001B0080;
			remoteInfo = DBPagingView;
		};
		4C2ED0391FAC57F9001B0080 /* PBXContainerItemProxy */ = {
			isa = PBXContainerItemProxy;
			containerPortal = 4C2ED0111FAC57F9001B0080 /* Project object */;
			proxyType = 1;
			remoteGlobalIDString = 4C2ED0181FAC57F9001B0080;
			remoteInfo = DBPagingView;
		};
/* End PBXContainerItemProxy section */

/* Begin PBXFileReference section */
		4C2ED0191FAC57F9001B0080 /* DBPagingView.app */ = {isa = PBXFileReference; explicitFileType = wrapper.application; includeInIndex = 0; path = DBPagingView.app; sourceTree = BUILT_PRODUCTS_DIR; };
		4C2ED01C1FAC57F9001B0080 /* AppDelegate.swift */ = {isa = PBXFileReference; lastKnownFileType = sourcecode.swift; path = AppDelegate.swift; sourceTree = "<group>"; };
		4C2ED01E1FAC57F9001B0080 /* ViewController.swift */ = {isa = PBXFileReference; lastKnownFileType = sourcecode.swift; path = ViewController.swift; sourceTree = "<group>"; };
		4C2ED0211FAC57F9001B0080 /* Base */ = {isa = PBXFileReference; lastKnownFileType = file.storyboard; name = Base; path = Base.lproj/Main.storyboard; sourceTree = "<group>"; };
		4C2ED0231FAC57F9001B0080 /* Assets.xcassets */ = {isa = PBXFileReference; lastKnownFileType = folder.assetcatalog; path = Assets.xcassets; sourceTree = "<group>"; };
		4C2ED0261FAC57F9001B0080 /* Base */ = {isa = PBXFileReference; lastKnownFileType = file.storyboard; name = Base; path = Base.lproj/LaunchScreen.storyboard; sourceTree = "<group>"; };
		4C2ED0281FAC57F9001B0080 /* Info.plist */ = {isa = PBXFileReference; lastKnownFileType = text.plist.xml; path = Info.plist; sourceTree = "<group>"; };
		4C2ED02D1FAC57F9001B0080 /* DBPagingViewTests.xctest */ = {isa = PBXFileReference; explicitFileType = wrapper.cfbundle; includeInIndex = 0; path = DBPagingViewTests.xctest; sourceTree = BUILT_PRODUCTS_DIR; };
		4C2ED0311FAC57F9001B0080 /* DBPagingViewTests.swift */ = {isa = PBXFileReference; lastKnownFileType = sourcecode.swift; path = DBPagingViewTests.swift; sourceTree = "<group>"; };
		4C2ED0331FAC57F9001B0080 /* Info.plist */ = {isa = PBXFileReference; lastKnownFileType = text.plist.xml; path = Info.plist; sourceTree = "<group>"; };
		4C2ED0381FAC57F9001B0080 /* DBPagingViewUITests.xctest */ = {isa = PBXFileReference; explicitFileType = wrapper.cfbundle; includeInIndex = 0; path = DBPagingViewUITests.xctest; sourceTree = BUILT_PRODUCTS_DIR; };
		4C2ED03C1FAC57F9001B0080 /* DBPagingViewUITests.swift */ = {isa = PBXFileReference; lastKnownFileType = sourcecode.swift; path = DBPagingViewUITests.swift; sourceTree = "<group>"; };
		4C2ED03E1FAC57F9001B0080 /* Info.plist */ = {isa = PBXFileReference; lastKnownFileType = text.plist.xml; path = Info.plist; sourceTree = "<group>"; };
		4C2ED04B1FAC587F001B0080 /* DB_PageContentView.swift */ = {isa = PBXFileReference; fileEncoding = 4; lastKnownFileType = sourcecode.swift; path = DB_PageContentView.swift; sourceTree = "<group>"; };
		4C2ED04C1FAC587F001B0080 /* DB_ContentTableView.swift */ = {isa = PBXFileReference; fileEncoding = 4; lastKnownFileType = sourcecode.swift; path = DB_ContentTableView.swift; sourceTree = "<group>"; };
		4C2ED04D1FAC587F001B0080 /* DB_SegmentView.swift */ = {isa = PBXFileReference; fileEncoding = 4; lastKnownFileType = sourcecode.swift; path = DB_SegmentView.swift; sourceTree = "<group>"; };
		4CB46B67B19E2374A1457218 /* Pods_DBPagingView.framework */ = {isa = PBXFileReference; explicitFileType = wrapper.framework; includeInIndex = 0; path = Pods_DBPagingView.framework; sourceTree = BUILT_PRODUCTS_DIR; };
		4CC645171FBAC316000D4EDC /* DBPagingView.swift */ = {isa = PBXFileReference; lastKnownFileType = sourcecode.swift; path = DBPagingView.swift; sourceTree = "<group>"; };
		4CC645191FBACE22000D4EDC /* myViewController.swift */ = {isa = PBXFileReference; lastKnownFileType = sourcecode.swift; path = myViewController.swift; sourceTree = "<group>"; };
		4CC6451B1FBAD173000D4EDC /* ContentViewController.swift */ = {isa = PBXFileReference; fileEncoding = 4; lastKnownFileType = sourcecode.swift; path = ContentViewController.swift; sourceTree = "<group>"; };
		4CC6451D1FBAD22C000D4EDC /* ContentViewCell.swift */ = {isa = PBXFileReference; fileEncoding = 4; lastKnownFileType = sourcecode.swift; path = ContentViewCell.swift; sourceTree = "<group>"; };
		4CDF4EA61FE563A80056DB89 /* CustomViewController.swift */ = {isa = PBXFileReference; lastKnownFileType = sourcecode.swift; path = CustomViewController.swift; sourceTree = "<group>"; };
		702A09958F39E89D8AA3F778 /* Pods-DBPagingView.debug.xcconfig */ = {isa = PBXFileReference; includeInIndex = 1; lastKnownFileType = text.xcconfig; name = "Pods-DBPagingView.debug.xcconfig"; path = "Pods/Target Support Files/Pods-DBPagingView/Pods-DBPagingView.debug.xcconfig"; sourceTree = "<group>"; };
		9FF2D8BE7EB8C2D5BAB8CB0D /* Pods-DBPagingView.release.xcconfig */ = {isa = PBXFileReference; includeInIndex = 1; lastKnownFileType = text.xcconfig; name = "Pods-DBPagingView.release.xcconfig"; path = "Pods/Target Support Files/Pods-DBPagingView/Pods-DBPagingView.release.xcconfig"; sourceTree = "<group>"; };
/* End PBXFileReference section */

/* Begin PBXFrameworksBuildPhase section */
		4C2ED0161FAC57F9001B0080 /* Frameworks */ = {
			isa = PBXFrameworksBuildPhase;
			buildActionMask = 2147483647;
			files = (
				02A843E8A0FA7F35984D965F /* Pods_DBPagingView.framework in Frameworks */,
			);
			runOnlyForDeploymentPostprocessing = 0;
		};
		4C2ED02A1FAC57F9001B0080 /* Frameworks */ = {
			isa = PBXFrameworksBuildPhase;
			buildActionMask = 2147483647;
			files = (
			);
			runOnlyForDeploymentPostprocessing = 0;
		};
		4C2ED0351FAC57F9001B0080 /* Frameworks */ = {
			isa = PBXFrameworksBuildPhase;
			buildActionMask = 2147483647;
			files = (
			);
			runOnlyForDeploymentPostprocessing = 0;
		};
/* End PBXFrameworksBuildPhase section */

/* Begin PBXGroup section */
		4C2ED0101FAC57F9001B0080 = {
			isa = PBXGroup;
			children = (
				4C2ED01B1FAC57F9001B0080 /* DBPagingView */,
				4C2ED0301FAC57F9001B0080 /* DBPagingViewTests */,
				4C2ED03B1FAC57F9001B0080 /* DBPagingViewUITests */,
				4C2ED01A1FAC57F9001B0080 /* Products */,
				D293694879E2E95537D65905 /* Pods */,
				796E6E906948E326EAD03686 /* Frameworks */,
			);
			sourceTree = "<group>";
		};
		4C2ED01A1FAC57F9001B0080 /* Products */ = {
			isa = PBXGroup;
			children = (
				4C2ED0191FAC57F9001B0080 /* DBPagingView.app */,
				4C2ED02D1FAC57F9001B0080 /* DBPagingViewTests.xctest */,
				4C2ED0381FAC57F9001B0080 /* DBPagingViewUITests.xctest */,
			);
			name = Products;
			sourceTree = "<group>";
		};
		4C2ED01B1FAC57F9001B0080 /* DBPagingView */ = {
			isa = PBXGroup;
			children = (
				4C2ED04A1FAC587F001B0080 /* DBPagingView */,
				4C2ED01C1FAC57F9001B0080 /* AppDelegate.swift */,
				4CDF4EA61FE563A80056DB89 /* CustomViewController.swift */,
				4C2ED01E1FAC57F9001B0080 /* ViewController.swift */,
				4CC645191FBACE22000D4EDC /* myViewController.swift */,
				4C2ED0201FAC57F9001B0080 /* Main.storyboard */,
				4C2ED0231FAC57F9001B0080 /* Assets.xcassets */,
				4C2ED0251FAC57F9001B0080 /* LaunchScreen.storyboard */,
				4C2ED0281FAC57F9001B0080 /* Info.plist */,
			);
			path = DBPagingView;
			sourceTree = "<group>";
		};
		4C2ED0301FAC57F9001B0080 /* DBPagingViewTests */ = {
			isa = PBXGroup;
			children = (
				4C2ED0311FAC57F9001B0080 /* DBPagingViewTests.swift */,
				4C2ED0331FAC57F9001B0080 /* Info.plist */,
			);
			path = DBPagingViewTests;
			sourceTree = "<group>";
		};
		4C2ED03B1FAC57F9001B0080 /* DBPagingViewUITests */ = {
			isa = PBXGroup;
			children = (
				4C2ED03C1FAC57F9001B0080 /* DBPagingViewUITests.swift */,
				4C2ED03E1FAC57F9001B0080 /* Info.plist */,
			);
			path = DBPagingViewUITests;
			sourceTree = "<group>";
		};
		4C2ED04A1FAC587F001B0080 /* DBPagingView */ = {
			isa = PBXGroup;
			children = (
				4CC6451B1FBAD173000D4EDC /* ContentViewController.swift */,
				4CC6451D1FBAD22C000D4EDC /* ContentViewCell.swift */,
				4C2ED04B1FAC587F001B0080 /* DB_PageContentView.swift */,
				4C2ED04C1FAC587F001B0080 /* DB_ContentTableView.swift */,
				4C2ED04D1FAC587F001B0080 /* DB_SegmentView.swift */,
				4CC645171FBAC316000D4EDC /* DBPagingView.swift */,
			);
			path = DBPagingView;
			sourceTree = "<group>";
		};
		796E6E906948E326EAD03686 /* Frameworks */ = {
			isa = PBXGroup;
			children = (
				4CB46B67B19E2374A1457218 /* Pods_DBPagingView.framework */,
			);
			name = Frameworks;
			sourceTree = "<group>";
		};
		D293694879E2E95537D65905 /* Pods */ = {
			isa = PBXGroup;
			children = (
				702A09958F39E89D8AA3F778 /* Pods-DBPagingView.debug.xcconfig */,
				9FF2D8BE7EB8C2D5BAB8CB0D /* Pods-DBPagingView.release.xcconfig */,
			);
			name = Pods;
			sourceTree = "<group>";
		};
/* End PBXGroup section */

/* Begin PBXNativeTarget section */
		4C2ED0181FAC57F9001B0080 /* DBPagingView */ = {
			isa = PBXNativeTarget;
			buildConfigurationList = 4C2ED0411FAC57F9001B0080 /* Build configuration list for PBXNativeTarget "DBPagingView" */;
			buildPhases = (
				738A19C84838793A853B7F37 /* [CP] Check Pods Manifest.lock */,
				4C2ED0151FAC57F9001B0080 /* Sources */,
				4C2ED0161FAC57F9001B0080 /* Frameworks */,
				4C2ED0171FAC57F9001B0080 /* Resources */,
				05B3D4B349C027A7CE776DB3 /* [CP] Embed Pods Frameworks */,
				7746086A9652CD8AC63B1219 /* [CP] Copy Pods Resources */,
			);
			buildRules = (
			);
			dependencies = (
			);
			name = DBPagingView;
			productName = DBPagingView;
			productReference = 4C2ED0191FAC57F9001B0080 /* DBPagingView.app */;
			productType = "com.apple.product-type.application";
		};
		4C2ED02C1FAC57F9001B0080 /* DBPagingViewTests */ = {
			isa = PBXNativeTarget;
			buildConfigurationList = 4C2ED0441FAC57F9001B0080 /* Build configuration list for PBXNativeTarget "DBPagingViewTests" */;
			buildPhases = (
				4C2ED0291FAC57F9001B0080 /* Sources */,
				4C2ED02A1FAC57F9001B0080 /* Frameworks */,
				4C2ED02B1FAC57F9001B0080 /* Resources */,
			);
			buildRules = (
			);
			dependencies = (
				4C2ED02F1FAC57F9001B0080 /* PBXTargetDependency */,
			);
			name = DBPagingViewTests;
			productName = DBPagingViewTests;
			productReference = 4C2ED02D1FAC57F9001B0080 /* DBPagingViewTests.xctest */;
			productType = "com.apple.product-type.bundle.unit-test";
		};
		4C2ED0371FAC57F9001B0080 /* DBPagingViewUITests */ = {
			isa = PBXNativeTarget;
			buildConfigurationList = 4C2ED0471FAC57F9001B0080 /* Build configuration list for PBXNativeTarget "DBPagingViewUITests" */;
			buildPhases = (
				4C2ED0341FAC57F9001B0080 /* Sources */,
				4C2ED0351FAC57F9001B0080 /* Frameworks */,
				4C2ED0361FAC57F9001B0080 /* Resources */,
			);
			buildRules = (
			);
			dependencies = (
				4C2ED03A1FAC57F9001B0080 /* PBXTargetDependency */,
			);
			name = DBPagingViewUITests;
			productName = DBPagingViewUITests;
			productReference = 4C2ED0381FAC57F9001B0080 /* DBPagingViewUITests.xctest */;
			productType = "com.apple.product-type.bundle.ui-testing";
		};
/* End PBXNativeTarget section */

/* Begin PBXProject section */
		4C2ED0111FAC57F9001B0080 /* Project object */ = {
			isa = PBXProject;
			attributes = {
				LastSwiftUpdateCheck = 0900;
				LastUpgradeCheck = 0900;
				ORGANIZATIONNAME = "panda誌";
				TargetAttributes = {
					4C2ED0181FAC57F9001B0080 = {
						CreatedOnToolsVersion = 9.0;
						ProvisioningStyle = Automatic;
					};
					4C2ED02C1FAC57F9001B0080 = {
						CreatedOnToolsVersion = 9.0;
						ProvisioningStyle = Automatic;
						TestTargetID = 4C2ED0181FAC57F9001B0080;
					};
					4C2ED0371FAC57F9001B0080 = {
						CreatedOnToolsVersion = 9.0;
						ProvisioningStyle = Automatic;
						TestTargetID = 4C2ED0181FAC57F9001B0080;
					};
				};
			};
			buildConfigurationList = 4C2ED0141FAC57F9001B0080 /* Build configuration list for PBXProject "DBPagingView" */;
			compatibilityVersion = "Xcode 8.0";
			developmentRegion = en;
			hasScannedForEncodings = 0;
			knownRegions = (
				en,
				Base,
			);
			mainGroup = 4C2ED0101FAC57F9001B0080;
			productRefGroup = 4C2ED01A1FAC57F9001B0080 /* Products */;
			projectDirPath = "";
			projectRoot = "";
			targets = (
				4C2ED0181FAC57F9001B0080 /* DBPagingView */,
				4C2ED02C1FAC57F9001B0080 /* DBPagingViewTests */,
				4C2ED0371FAC57F9001B0080 /* DBPagingViewUITests */,
			);
		};
/* End PBXProject section */

/* Begin PBXResourcesBuildPhase section */
		4C2ED0171FAC57F9001B0080 /* Resources */ = {
			isa = PBXResourcesBuildPhase;
			buildActionMask = 2147483647;
			files = (
				4C2ED0271FAC57F9001B0080 /* LaunchScreen.storyboard in Resources */,
				4C2ED0241FAC57F9001B0080 /* Assets.xcassets in Resources */,
				4C2ED0221FAC57F9001B0080 /* Main.storyboard in Resources */,
			);
			runOnlyForDeploymentPostprocessing = 0;
		};
		4C2ED02B1FAC57F9001B0080 /* Resources */ = {
			isa = PBXResourcesBuildPhase;
			buildActionMask = 2147483647;
			files = (
			);
			runOnlyForDeploymentPostprocessing = 0;
		};
		4C2ED0361FAC57F9001B0080 /* Resources */ = {
			isa = PBXResourcesBuildPhase;
			buildActionMask = 2147483647;
			files = (
			);
			runOnlyForDeploymentPostprocessing = 0;
		};
/* End PBXResourcesBuildPhase section */

/* Begin PBXShellScriptBuildPhase section */
		05B3D4B349C027A7CE776DB3 /* [CP] Embed Pods Frameworks */ = {
			isa = PBXShellScriptBuildPhase;
			buildActionMask = 2147483647;
			files = (
			);
			inputPaths = (
				"${SRCROOT}/Pods/Target Support Files/Pods-DBPagingView/Pods-DBPagingView-frameworks.sh",
				"${BUILT_PRODUCTS_DIR}/MJRefresh/MJRefresh.framework",
			);
			name = "[CP] Embed Pods Frameworks";
			outputPaths = (
				"${TARGET_BUILD_DIR}/${FRAMEWORKS_FOLDER_PATH}/MJRefresh.framework",
			);
			runOnlyForDeploymentPostprocessing = 0;
			shellPath = /bin/sh;
			shellScript = "\"${SRCROOT}/Pods/Target Support Files/Pods-DBPagingView/Pods-DBPagingView-frameworks.sh\"\n";
			showEnvVarsInLog = 0;
		};
		738A19C84838793A853B7F37 /* [CP] Check Pods Manifest.lock */ = {
			isa = PBXShellScriptBuildPhase;
			buildActionMask = 2147483647;
			files = (
			);
			inputPaths = (
				"${PODS_PODFILE_DIR_PATH}/Podfile.lock",
				"${PODS_ROOT}/Manifest.lock",
			);
			name = "[CP] Check Pods Manifest.lock";
			outputPaths = (
				"$(DERIVED_FILE_DIR)/Pods-DBPagingView-checkManifestLockResult.txt",
			);
			runOnlyForDeploymentPostprocessing = 0;
			shellPath = /bin/sh;
			shellScript = "diff \"${PODS_PODFILE_DIR_PATH}/Podfile.lock\" \"${PODS_ROOT}/Manifest.lock\" > /dev/null\nif [ $? != 0 ] ; then\n    # print error to STDERR\n    echo \"error: The sandbox is not in sync with the Podfile.lock. Run 'pod install' or update your CocoaPods installation.\" >&2\n    exit 1\nfi\n# This output is used by Xcode 'outputs' to avoid re-running this script phase.\necho \"SUCCESS\" > \"${SCRIPT_OUTPUT_FILE_0}\"\n";
			showEnvVarsInLog = 0;
		};
		7746086A9652CD8AC63B1219 /* [CP] Copy Pods Resources */ = {
			isa = PBXShellScriptBuildPhase;
			buildActionMask = 2147483647;
			files = (
			);
			inputPaths = (
			);
			name = "[CP] Copy Pods Resources";
			outputPaths = (
			);
			runOnlyForDeploymentPostprocessing = 0;
			shellPath = /bin/sh;
			shellScript = "\"${SRCROOT}/Pods/Target Support Files/Pods-DBPagingView/Pods-DBPagingView-resources.sh\"\n";
			showEnvVarsInLog = 0;
		};
/* End PBXShellScriptBuildPhase section */

/* Begin PBXSourcesBuildPhase section */
		4C2ED0151FAC57F9001B0080 /* Sources */ = {
			isa = PBXSourcesBuildPhase;
			buildActionMask = 2147483647;
			files = (
				4CC6451E1FBAD22C000D4EDC /* ContentViewCell.swift in Sources */,
				4C2ED04E1FAC587F001B0080 /* DB_PageContentView.swift in Sources */,
				4CC6451A1FBACE23000D4EDC /* myViewController.swift in Sources */,
				4C2ED0501FAC587F001B0080 /* DB_SegmentView.swift in Sources */,
				4C2ED01F1FAC57F9001B0080 /* ViewController.swift in Sources */,
				4CC6451C1FBAD173000D4EDC /* ContentViewController.swift in Sources */,
				4C2ED01D1FAC57F9001B0080 /* AppDelegate.swift in Sources */,
				4CDF4EA71FE563A80056DB89 /* CustomViewController.swift in Sources */,
				4CC645181FBAC316000D4EDC /* DBPagingView.swift in Sources */,
				4C2ED04F1FAC587F001B0080 /* DB_ContentTableView.swift in Sources */,
			);
			runOnlyForDeploymentPostprocessing = 0;
		};
		4C2ED0291FAC57F9001B0080 /* Sources */ = {
			isa = PBXSourcesBuildPhase;
			buildActionMask = 2147483647;
			files = (
				4C2ED0321FAC57F9001B0080 /* DBPagingViewTests.swift in Sources */,
			);
			runOnlyForDeploymentPostprocessing = 0;
		};
		4C2ED0341FAC57F9001B0080 /* Sources */ = {
			isa = PBXSourcesBuildPhase;
			buildActionMask = 2147483647;
			files = (
				4C2ED03D1FAC57F9001B0080 /* DBPagingViewUITests.swift in Sources */,
			);
			runOnlyForDeploymentPostprocessing = 0;
		};
/* End PBXSourcesBuildPhase section */

/* Begin PBXTargetDependency section */
		4C2ED02F1FAC57F9001B0080 /* PBXTargetDependency */ = {
			isa = PBXTargetDependency;
			target = 4C2ED0181FAC57F9001B0080 /* DBPagingView */;
			targetProxy = 4C2ED02E1FAC57F9001B0080 /* PBXContainerItemProxy */;
		};
		4C2ED03A1FAC57F9001B0080 /* PBXTargetDependency */ = {
			isa = PBXTargetDependency;
			target = 4C2ED0181FAC57F9001B0080 /* DBPagingView */;
			targetProxy = 4C2ED0391FAC57F9001B0080 /* PBXContainerItemProxy */;
		};
/* End PBXTargetDependency section */

/* Begin PBXVariantGroup section */
		4C2ED0201FAC57F9001B0080 /* Main.storyboard */ = {
			isa = PBXVariantGroup;
			children = (
				4C2ED0211FAC57F9001B0080 /* Base */,
			);
			name = Main.storyboard;
			sourceTree = "<group>";
		};
		4C2ED0251FAC57F9001B0080 /* LaunchScreen.storyboard */ = {
			isa = PBXVariantGroup;
			children = (
				4C2ED0261FAC57F9001B0080 /* Base */,
			);
			name = LaunchScreen.storyboard;
			sourceTree = "<group>";
		};
/* End PBXVariantGroup section */

/* Begin XCBuildConfiguration section */
		4C2ED03F1FAC57F9001B0080 /* Debug */ = {
			isa = XCBuildConfiguration;
			buildSettings = {
				ALWAYS_SEARCH_USER_PATHS = NO;
				CLANG_ANALYZER_NONNULL = YES;
				CLANG_ANALYZER_NUMBER_OBJECT_CONVERSION = YES_AGGRESSIVE;
				CLANG_CXX_LANGUAGE_STANDARD = "gnu++14";
				CLANG_CXX_LIBRARY = "libc++";
				CLANG_ENABLE_MODULES = YES;
				CLANG_ENABLE_OBJC_ARC = YES;
				CLANG_WARN_BLOCK_CAPTURE_AUTORELEASING = YES;
				CLANG_WARN_BOOL_CONVERSION = YES;
				CLANG_WARN_COMMA = YES;
				CLANG_WARN_CONSTANT_CONVERSION = YES;
				CLANG_WARN_DIRECT_OBJC_ISA_USAGE = YES_ERROR;
				CLANG_WARN_DOCUMENTATION_COMMENTS = YES;
				CLANG_WARN_EMPTY_BODY = YES;
				CLANG_WARN_ENUM_CONVERSION = YES;
				CLANG_WARN_INFINITE_RECURSION = YES;
				CLANG_WARN_INT_CONVERSION = YES;
				CLANG_WARN_NON_LITERAL_NULL_CONVERSION = YES;
				CLANG_WARN_OBJC_LITERAL_CONVERSION = YES;
				CLANG_WARN_OBJC_ROOT_CLASS = YES_ERROR;
				CLANG_WARN_RANGE_LOOP_ANALYSIS = YES;
				CLANG_WARN_STRICT_PROTOTYPES = YES;
				CLANG_WARN_SUSPICIOUS_MOVE = YES;
				CLANG_WARN_UNGUARDED_AVAILABILITY = YES_AGGRESSIVE;
				CLANG_WARN_UNREACHABLE_CODE = YES;
				CLANG_WARN__DUPLICATE_METHOD_MATCH = YES;
				CODE_SIGN_IDENTITY = "iPhone Developer";
				COPY_PHASE_STRIP = NO;
				DEBUG_INFORMATION_FORMAT = dwarf;
				ENABLE_STRICT_OBJC_MSGSEND = YES;
				ENABLE_TESTABILITY = YES;
				GCC_C_LANGUAGE_STANDARD = gnu11;
				GCC_DYNAMIC_NO_PIC = NO;
				GCC_NO_COMMON_BLOCKS = YES;
				GCC_OPTIMIZATION_LEVEL = 0;
				GCC_PREPROCESSOR_DEFINITIONS = (
					"DEBUG=1",
					"$(inherited)",
				);
				GCC_WARN_64_TO_32_BIT_CONVERSION = YES;
				GCC_WARN_ABOUT_RETURN_TYPE = YES_ERROR;
				GCC_WARN_UNDECLARED_SELECTOR = YES;
				GCC_WARN_UNINITIALIZED_AUTOS = YES_AGGRESSIVE;
				GCC_WARN_UNUSED_FUNCTION = YES;
				GCC_WARN_UNUSED_VARIABLE = YES;
				IPHONEOS_DEPLOYMENT_TARGET = 11.0;
				MTL_ENABLE_DEBUG_INFO = YES;
				ONLY_ACTIVE_ARCH = YES;
				SDKROOT = iphoneos;
				SWIFT_ACTIVE_COMPILATION_CONDITIONS = DEBUG;
				SWIFT_OPTIMIZATION_LEVEL = "-Onone";
			};
			name = Debug;
		};
		4C2ED0401FAC57F9001B0080 /* Release */ = {
			isa = XCBuildConfiguration;
			buildSettings = {
				ALWAYS_SEARCH_USER_PATHS = NO;
				CLANG_ANALYZER_NONNULL = YES;
				CLANG_ANALYZER_NUMBER_OBJECT_CONVERSION = YES_AGGRESSIVE;
				CLANG_CXX_LANGUAGE_STANDARD = "gnu++14";
				CLANG_CXX_LIBRARY = "libc++";
				CLANG_ENABLE_MODULES = YES;
				CLANG_ENABLE_OBJC_ARC = YES;
				CLANG_WARN_BLOCK_CAPTURE_AUTORELEASING = YES;
				CLANG_WARN_BOOL_CONVERSION = YES;
				CLANG_WARN_COMMA = YES;
				CLANG_WARN_CONSTANT_CONVERSION = YES;
				CLANG_WARN_DIRECT_OBJC_ISA_USAGE = YES_ERROR;
				CLANG_WARN_DOCUMENTATION_COMMENTS = YES;
				CLANG_WARN_EMPTY_BODY = YES;
				CLANG_WARN_ENUM_CONVERSION = YES;
				CLANG_WARN_INFINITE_RECURSION = YES;
				CLANG_WARN_INT_CONVERSION = YES;
				CLANG_WARN_NON_LITERAL_NULL_CONVERSION = YES;
				CLANG_WARN_OBJC_LITERAL_CONVERSION = YES;
				CLANG_WARN_OBJC_ROOT_CLASS = YES_ERROR;
				CLANG_WARN_RANGE_LOOP_ANALYSIS = YES;
				CLANG_WARN_STRICT_PROTOTYPES = YES;
				CLANG_WARN_SUSPICIOUS_MOVE = YES;
				CLANG_WARN_UNGUARDED_AVAILABILITY = YES_AGGRESSIVE;
				CLANG_WARN_UNREACHABLE_CODE = YES;
				CLANG_WARN__DUPLICATE_METHOD_MATCH = YES;
				CODE_SIGN_IDENTITY = "iPhone Developer";
				COPY_PHASE_STRIP = NO;
				DEBUG_INFORMATION_FORMAT = "dwarf-with-dsym";
				ENABLE_NS_ASSERTIONS = NO;
				ENABLE_STRICT_OBJC_MSGSEND = YES;
				GCC_C_LANGUAGE_STANDARD = gnu11;
				GCC_NO_COMMON_BLOCKS = YES;
				GCC_WARN_64_TO_32_BIT_CONVERSION = YES;
				GCC_WARN_ABOUT_RETURN_TYPE = YES_ERROR;
				GCC_WARN_UNDECLARED_SELECTOR = YES;
				GCC_WARN_UNINITIALIZED_AUTOS = YES_AGGRESSIVE;
				GCC_WARN_UNUSED_FUNCTION = YES;
				GCC_WARN_UNUSED_VARIABLE = YES;
				IPHONEOS_DEPLOYMENT_TARGET = 11.0;
				MTL_ENABLE_DEBUG_INFO = NO;
				SDKROOT = iphoneos;
				SWIFT_OPTIMIZATION_LEVEL = "-Owholemodule";
				VALIDATE_PRODUCT = YES;
			};
			name = Release;
		};
		4C2ED0421FAC57F9001B0080 /* Debug */ = {
			isa = XCBuildConfiguration;
			baseConfigurationReference = 702A09958F39E89D8AA3F778 /* Pods-DBPagingView.debug.xcconfig */;
			buildSettings = {
				ASSETCATALOG_COMPILER_APPICON_NAME = AppIcon;
				CODE_SIGN_STYLE = Automatic;
				DEVELOPMENT_TEAM = 7R27LC3TJ9;
				INFOPLIST_FILE = DBPagingView/Info.plist;
				IPHONEOS_DEPLOYMENT_TARGET = 9.0;
				LD_RUNPATH_SEARCH_PATHS = "$(inherited) @executable_path/Frameworks";
				PRODUCT_BUNDLE_IDENTIFIER = XXXXXX.DBPagingView;
				PRODUCT_NAME = "$(TARGET_NAME)";
				SWIFT_VERSION = 4.0;
				TARGETED_DEVICE_FAMILY = "1,2";
			};
			name = Debug;
		};
		4C2ED0431FAC57F9001B0080 /* Release */ = {
			isa = XCBuildConfiguration;
			baseConfigurationReference = 9FF2D8BE7EB8C2D5BAB8CB0D /* Pods-DBPagingView.release.xcconfig */;
			buildSettings = {
				ASSETCATALOG_COMPILER_APPICON_NAME = AppIcon;
				CODE_SIGN_STYLE = Automatic;
				DEVELOPMENT_TEAM = 7R27LC3TJ9;
				INFOPLIST_FILE = DBPagingView/Info.plist;
				IPHONEOS_DEPLOYMENT_TARGET = 9.0;
				LD_RUNPATH_SEARCH_PATHS = "$(inherited) @executable_path/Frameworks";
				PRODUCT_BUNDLE_IDENTIFIER = XXXXXX.DBPagingView;
				PRODUCT_NAME = "$(TARGET_NAME)";
				SWIFT_VERSION = 4.0;
				TARGETED_DEVICE_FAMILY = "1,2";
			};
			name = Release;
		};
		4C2ED0451FAC57F9001B0080 /* Debug */ = {
			isa = XCBuildConfiguration;
			buildSettings = {
				ALWAYS_EMBED_SWIFT_STANDARD_LIBRARIES = YES;
				BUNDLE_LOADER = "$(TEST_HOST)";
				CODE_SIGN_STYLE = Automatic;
				DEVELOPMENT_TEAM = 7R27LC3TJ9;
				INFOPLIST_FILE = DBPagingViewTests/Info.plist;
				LD_RUNPATH_SEARCH_PATHS = "$(inherited) @executable_path/Frameworks @loader_path/Frameworks";
				PRODUCT_BUNDLE_IDENTIFIER = XXXXXX.DBPagingViewTests;
				PRODUCT_NAME = "$(TARGET_NAME)";
				SWIFT_VERSION = 4.0;
				TARGETED_DEVICE_FAMILY = "1,2";
				TEST_HOST = "$(BUILT_PRODUCTS_DIR)/DBPagingView.app/DBPagingView";
			};
			name = Debug;
		};
		4C2ED0461FAC57F9001B0080 /* Release */ = {
			isa = XCBuildConfiguration;
			buildSettings = {
				ALWAYS_EMBED_SWIFT_STANDARD_LIBRARIES = YES;
				BUNDLE_LOADER = "$(TEST_HOST)";
				CODE_SIGN_STYLE = Automatic;
				DEVELOPMENT_TEAM = 7R27LC3TJ9;
				INFOPLIST_FILE = DBPagingViewTests/Info.plist;
				LD_RUNPATH_SEARCH_PATHS = "$(inherited) @executable_path/Frameworks @loader_path/Frameworks";
				PRODUCT_BUNDLE_IDENTIFIER = XXXXXX.DBPagingViewTests;
				PRODUCT_NAME = "$(TARGET_NAME)";
				SWIFT_VERSION = 4.0;
				TARGETED_DEVICE_FAMILY = "1,2";
				TEST_HOST = "$(BUILT_PRODUCTS_DIR)/DBPagingView.app/DBPagingView";
			};
			name = Release;
		};
		4C2ED0481FAC57F9001B0080 /* Debug */ = {
			isa = XCBuildConfiguration;
			buildSettings = {
				ALWAYS_EMBED_SWIFT_STANDARD_LIBRARIES = YES;
				CODE_SIGN_STYLE = Automatic;
				DEVELOPMENT_TEAM = 7R27LC3TJ9;
				INFOPLIST_FILE = DBPagingViewUITests/Info.plist;
				LD_RUNPATH_SEARCH_PATHS = "$(inherited) @executable_path/Frameworks @loader_path/Frameworks";
				PRODUCT_BUNDLE_IDENTIFIER = XXXXXX.DBPagingViewUITests;
				PRODUCT_NAME = "$(TARGET_NAME)";
				SWIFT_VERSION = 4.0;
				TARGETED_DEVICE_FAMILY = "1,2";
				TEST_TARGET_NAME = DBPagingView;
			};
			name = Debug;
		};
		4C2ED0491FAC57F9001B0080 /* Release */ = {
			isa = XCBuildConfiguration;
			buildSettings = {
				ALWAYS_EMBED_SWIFT_STANDARD_LIBRARIES = YES;
				CODE_SIGN_STYLE = Automatic;
				DEVELOPMENT_TEAM = 7R27LC3TJ9;
				INFOPLIST_FILE = DBPagingViewUITests/Info.plist;
				LD_RUNPATH_SEARCH_PATHS = "$(inherited) @executable_path/Frameworks @loader_path/Frameworks";
				PRODUCT_BUNDLE_IDENTIFIER = XXXXXX.DBPagingViewUITests;
				PRODUCT_NAME = "$(TARGET_NAME)";
				SWIFT_VERSION = 4.0;
				TARGETED_DEVICE_FAMILY = "1,2";
				TEST_TARGET_NAME = DBPagingView;
			};
			name = Release;
		};
/* End XCBuildConfiguration section */

/* Begin XCConfigurationList section */
		4C2ED0141FAC57F9001B0080 /* Build configuration list for PBXProject "DBPagingView" */ = {
			isa = XCConfigurationList;
			buildConfigurations = (
				4C2ED03F1FAC57F9001B0080 /* Debug */,
				4C2ED0401FAC57F9001B0080 /* Release */,
			);
			defaultConfigurationIsVisible = 0;
			defaultConfigurationName = Release;
		};
		4C2ED0411FAC57F9001B0080 /* Build configuration list for PBXNativeTarget "DBPagingView" */ = {
			isa = XCConfigurationList;
			buildConfigurations = (
				4C2ED0421FAC57F9001B0080 /* Debug */,
				4C2ED0431FAC57F9001B0080 /* Release */,
			);
			defaultConfigurationIsVisible = 0;
			defaultConfigurationName = Release;
		};
		4C2ED0441FAC57F9001B0080 /* Build configuration list for PBXNativeTarget "DBPagingViewTests" */ = {
			isa = XCConfigurationList;
			buildConfigurations = (
				4C2ED0451FAC57F9001B0080 /* Debug */,
				4C2ED0461FAC57F9001B0080 /* Release */,
			);
			defaultConfigurationIsVisible = 0;
			defaultConfigurationName = Release;
		};
		4C2ED0471FAC57F9001B0080 /* Build configuration list for PBXNativeTarget "DBPagingViewUITests" */ = {
			isa = XCConfigurationList;
			buildConfigurations = (
				4C2ED0481FAC57F9001B0080 /* Debug */,
				4C2ED0491FAC57F9001B0080 /* Release */,
			);
			defaultConfigurationIsVisible = 0;
			defaultConfigurationName = Release;
		};
/* End XCConfigurationList section */
	};
	rootObject = 4C2ED0111FAC57F9001B0080 /* Project object */;
}
